// !$*UTF8*$!
{
	archiveVersion = 1;
	classes = {
	};
	objectVersion = 55;
	objects = {

/* Begin PBXBuildFile section */
		1703852A28A51F2D00D968AD /* Functions.swift in Sources */ = {isa = PBXBuildFile; fileRef = 1703852928A51F2D00D968AD /* Functions.swift */; };
		172705A228B7A86A00E9B11A /* EventListVC.swift in Sources */ = {isa = PBXBuildFile; fileRef = 172705A128B7A86A00E9B11A /* EventListVC.swift */; };
		1745655E28CC9F0F008B1CC0 /* Event.xcdatamodeld in Sources */ = {isa = PBXBuildFile; fileRef = 1745655C28CC9F0F008B1CC0 /* Event.xcdatamodeld */; };
		1768F7E928A2AE1B00AB8795 /* AppDelegate.swift in Sources */ = {isa = PBXBuildFile; fileRef = 1768F7E828A2AE1B00AB8795 /* AppDelegate.swift */; };
		1768F7EB28A2AE1B00AB8795 /* SceneDelegate.swift in Sources */ = {isa = PBXBuildFile; fileRef = 1768F7EA28A2AE1B00AB8795 /* SceneDelegate.swift */; };
		1768F7ED28A2AE1B00AB8795 /* DateTimeSelectorVC.swift in Sources */ = {isa = PBXBuildFile; fileRef = 1768F7EC28A2AE1B00AB8795 /* DateTimeSelectorVC.swift */; };
		1768F7F028A2AE1B00AB8795 /* Main.storyboard in Resources */ = {isa = PBXBuildFile; fileRef = 1768F7EE28A2AE1B00AB8795 /* Main.storyboard */; };
		1768F7F228A2AE1D00AB8795 /* Assets.xcassets in Resources */ = {isa = PBXBuildFile; fileRef = 1768F7F128A2AE1D00AB8795 /* Assets.xcassets */; };
		1768F7F528A2AE1D00AB8795 /* LaunchScreen.storyboard in Resources */ = {isa = PBXBuildFile; fileRef = 1768F7F328A2AE1D00AB8795 /* LaunchScreen.storyboard */; };
		1768F80028A2AE1E00AB8795 /* PlaygroundTests.swift in Sources */ = {isa = PBXBuildFile; fileRef = 1768F7FF28A2AE1E00AB8795 /* PlaygroundTests.swift */; };
		1768F80A28A2AE1E00AB8795 /* PlaygroundUITests.swift in Sources */ = {isa = PBXBuildFile; fileRef = 1768F80928A2AE1E00AB8795 /* PlaygroundUITests.swift */; };
		1768F80C28A2AE1E00AB8795 /* PlaygroundUITestsLaunchTests.swift in Sources */ = {isa = PBXBuildFile; fileRef = 1768F80B28A2AE1E00AB8795 /* PlaygroundUITestsLaunchTests.swift */; };
		177843A228D0C01800F07E35 /* Structs.swift in Sources */ = {isa = PBXBuildFile; fileRef = 177843A128D0C01800F07E35 /* Structs.swift */; };
/* End PBXBuildFile section */

/* Begin PBXContainerItemProxy section */
		1768F7FC28A2AE1E00AB8795 /* PBXContainerItemProxy */ = {
			isa = PBXContainerItemProxy;
			containerPortal = 1768F7DD28A2AE1A00AB8795 /* Project object */;
			proxyType = 1;
			remoteGlobalIDString = 1768F7E428A2AE1B00AB8795;
			remoteInfo = Playground;
		};
		1768F80628A2AE1E00AB8795 /* PBXContainerItemProxy */ = {
			isa = PBXContainerItemProxy;
			containerPortal = 1768F7DD28A2AE1A00AB8795 /* Project object */;
			proxyType = 1;
			remoteGlobalIDString = 1768F7E428A2AE1B00AB8795;
			remoteInfo = Playground;
		};
/* End PBXContainerItemProxy section */

/* Begin PBXFileReference section */
		1703852928A51F2D00D968AD /* Functions.swift */ = {isa = PBXFileReference; lastKnownFileType = sourcecode.swift; path = Functions.swift; sourceTree = "<group>"; };
		172705A128B7A86A00E9B11A /* EventListVC.swift */ = {isa = PBXFileReference; lastKnownFileType = sourcecode.swift; path = EventListVC.swift; sourceTree = "<group>"; };
		1745655D28CC9F0F008B1CC0 /* Event.xcdatamodel */ = {isa = PBXFileReference; lastKnownFileType = wrapper.xcdatamodel; path = Event.xcdatamodel; sourceTree = "<group>"; };
		1768F7E528A2AE1B00AB8795 /* Final Countdown.app */ = {isa = PBXFileReference; explicitFileType = wrapper.application; includeInIndex = 0; path = "Final Countdown.app"; sourceTree = BUILT_PRODUCTS_DIR; };
		1768F7E828A2AE1B00AB8795 /* AppDelegate.swift */ = {isa = PBXFileReference; lastKnownFileType = sourcecode.swift; path = AppDelegate.swift; sourceTree = "<group>"; };
		1768F7EA28A2AE1B00AB8795 /* SceneDelegate.swift */ = {isa = PBXFileReference; lastKnownFileType = sourcecode.swift; path = SceneDelegate.swift; sourceTree = "<group>"; };
		1768F7EC28A2AE1B00AB8795 /* DateTimeSelectorVC.swift */ = {isa = PBXFileReference; lastKnownFileType = sourcecode.swift; path = DateTimeSelectorVC.swift; sourceTree = "<group>"; };
		1768F7EF28A2AE1B00AB8795 /* Base */ = {isa = PBXFileReference; lastKnownFileType = file.storyboard; name = Base; path = Base.lproj/Main.storyboard; sourceTree = "<group>"; };
		1768F7F128A2AE1D00AB8795 /* Assets.xcassets */ = {isa = PBXFileReference; lastKnownFileType = folder.assetcatalog; path = Assets.xcassets; sourceTree = "<group>"; };
		1768F7F428A2AE1D00AB8795 /* Base */ = {isa = PBXFileReference; lastKnownFileType = file.storyboard; name = Base; path = Base.lproj/LaunchScreen.storyboard; sourceTree = "<group>"; };
		1768F7F628A2AE1D00AB8795 /* Info.plist */ = {isa = PBXFileReference; lastKnownFileType = text.plist.xml; path = Info.plist; sourceTree = "<group>"; };
		1768F7FB28A2AE1E00AB8795 /* Final CountdownTests.xctest */ = {isa = PBXFileReference; explicitFileType = wrapper.cfbundle; includeInIndex = 0; path = "Final CountdownTests.xctest"; sourceTree = BUILT_PRODUCTS_DIR; };
		1768F7FF28A2AE1E00AB8795 /* PlaygroundTests.swift */ = {isa = PBXFileReference; lastKnownFileType = sourcecode.swift; path = PlaygroundTests.swift; sourceTree = "<group>"; };
		1768F80528A2AE1E00AB8795 /* Final CountdownUITests.xctest */ = {isa = PBXFileReference; explicitFileType = wrapper.cfbundle; includeInIndex = 0; path = "Final CountdownUITests.xctest"; sourceTree = BUILT_PRODUCTS_DIR; };
		1768F80928A2AE1E00AB8795 /* PlaygroundUITests.swift */ = {isa = PBXFileReference; lastKnownFileType = sourcecode.swift; path = PlaygroundUITests.swift; sourceTree = "<group>"; };
		1768F80B28A2AE1E00AB8795 /* PlaygroundUITestsLaunchTests.swift */ = {isa = PBXFileReference; lastKnownFileType = sourcecode.swift; path = PlaygroundUITestsLaunchTests.swift; sourceTree = "<group>"; };
		177843A128D0C01800F07E35 /* Structs.swift */ = {isa = PBXFileReference; lastKnownFileType = sourcecode.swift; path = Structs.swift; sourceTree = "<group>"; };
/* End PBXFileReference section */

/* Begin PBXFrameworksBuildPhase section */
		1768F7E228A2AE1B00AB8795 /* Frameworks */ = {
			isa = PBXFrameworksBuildPhase;
			buildActionMask = 2147483647;
			files = (
			);
			runOnlyForDeploymentPostprocessing = 0;
		};
		1768F7F828A2AE1E00AB8795 /* Frameworks */ = {
			isa = PBXFrameworksBuildPhase;
			buildActionMask = 2147483647;
			files = (
			);
			runOnlyForDeploymentPostprocessing = 0;
		};
		1768F80228A2AE1E00AB8795 /* Frameworks */ = {
			isa = PBXFrameworksBuildPhase;
			buildActionMask = 2147483647;
			files = (
			);
			runOnlyForDeploymentPostprocessing = 0;
		};
/* End PBXFrameworksBuildPhase section */

/* Begin PBXGroup section */
		1703852628A51E7700D968AD /* Controller  */ = {
			isa = PBXGroup;
			children = (
			);
			path = "Controller ";
			sourceTree = "<group>";
		};
		1703852728A51E8200D968AD /* View */ = {
			isa = PBXGroup;
			children = (
				1768F7EC28A2AE1B00AB8795 /* DateTimeSelectorVC.swift */,
				172705A128B7A86A00E9B11A /* EventListVC.swift */,
			);
			path = View;
			sourceTree = "<group>";
		};
		1703852828A51E8800D968AD /* Model */ = {
			isa = PBXGroup;
			children = (
			);
			path = Model;
			sourceTree = "<group>";
		};
		1768F7DC28A2AE1A00AB8795 = {
			isa = PBXGroup;
			children = (
				1768F7E728A2AE1B00AB8795 /* Playground */,
				1768F7FE28A2AE1E00AB8795 /* PlaygroundTests */,
				1768F80828A2AE1E00AB8795 /* PlaygroundUITests */,
				1768F7E628A2AE1B00AB8795 /* Products */,
			);
			sourceTree = "<group>";
		};
		1768F7E628A2AE1B00AB8795 /* Products */ = {
			isa = PBXGroup;
			children = (
				1768F7E528A2AE1B00AB8795 /* Final Countdown.app */,
				1768F7FB28A2AE1E00AB8795 /* Final CountdownTests.xctest */,
				1768F80528A2AE1E00AB8795 /* Final CountdownUITests.xctest */,
			);
			name = Products;
			sourceTree = "<group>";
		};
		1768F7E728A2AE1B00AB8795 /* Playground */ = {
			isa = PBXGroup;
			children = (
				177843A028D0BFFB00F07E35 /* Extensions */,
				1703852828A51E8800D968AD /* Model */,
				1703852728A51E8200D968AD /* View */,
				1703852628A51E7700D968AD /* Controller  */,
				1768F7E828A2AE1B00AB8795 /* AppDelegate.swift */,
				1768F7EA28A2AE1B00AB8795 /* SceneDelegate.swift */,
				1768F7EE28A2AE1B00AB8795 /* Main.storyboard */,
				1768F7F128A2AE1D00AB8795 /* Assets.xcassets */,
				1768F7F328A2AE1D00AB8795 /* LaunchScreen.storyboard */,
				1768F7F628A2AE1D00AB8795 /* Info.plist */,
				1745655C28CC9F0F008B1CC0 /* Event.xcdatamodeld */,
			);
			path = Playground;
			sourceTree = "<group>";
		};
		1768F7FE28A2AE1E00AB8795 /* PlaygroundTests */ = {
			isa = PBXGroup;
			children = (
				1768F7FF28A2AE1E00AB8795 /* PlaygroundTests.swift */,
			);
			path = PlaygroundTests;
			sourceTree = "<group>";
		};
		1768F80828A2AE1E00AB8795 /* PlaygroundUITests */ = {
			isa = PBXGroup;
			children = (
				1768F80928A2AE1E00AB8795 /* PlaygroundUITests.swift */,
				1768F80B28A2AE1E00AB8795 /* PlaygroundUITestsLaunchTests.swift */,
			);
			path = PlaygroundUITests;
			sourceTree = "<group>";
		};
		177843A028D0BFFB00F07E35 /* Extensions */ = {
			isa = PBXGroup;
			children = (
				1703852928A51F2D00D968AD /* Functions.swift */,
				177843A128D0C01800F07E35 /* Structs.swift */,
			);
			path = Extensions;
			sourceTree = "<group>";
		};
/* End PBXGroup section */

/* Begin PBXNativeTarget section */
		1768F7E428A2AE1B00AB8795 /* Final Countdown */ = {
			isa = PBXNativeTarget;
			buildConfigurationList = 1768F80F28A2AE1E00AB8795 /* Build configuration list for PBXNativeTarget "Final Countdown" */;
			buildPhases = (
				1768F7E128A2AE1B00AB8795 /* Sources */,
				1768F7E228A2AE1B00AB8795 /* Frameworks */,
				1768F7E328A2AE1B00AB8795 /* Resources */,
			);
			buildRules = (
			);
			dependencies = (
			);
			name = "Final Countdown";
			productName = Playground;
			productReference = 1768F7E528A2AE1B00AB8795 /* Final Countdown.app */;
			productType = "com.apple.product-type.application";
		};
		1768F7FA28A2AE1E00AB8795 /* Final CountdownTests */ = {
			isa = PBXNativeTarget;
			buildConfigurationList = 1768F81228A2AE1E00AB8795 /* Build configuration list for PBXNativeTarget "Final CountdownTests" */;
			buildPhases = (
				1768F7F728A2AE1E00AB8795 /* Sources */,
				1768F7F828A2AE1E00AB8795 /* Frameworks */,
				1768F7F928A2AE1E00AB8795 /* Resources */,
			);
			buildRules = (
			);
			dependencies = (
				1768F7FD28A2AE1E00AB8795 /* PBXTargetDependency */,
			);
			name = "Final CountdownTests";
			productName = PlaygroundTests;
			productReference = 1768F7FB28A2AE1E00AB8795 /* Final CountdownTests.xctest */;
			productType = "com.apple.product-type.bundle.unit-test";
		};
		1768F80428A2AE1E00AB8795 /* Final CountdownUITests */ = {
			isa = PBXNativeTarget;
			buildConfigurationList = 1768F81528A2AE1E00AB8795 /* Build configuration list for PBXNativeTarget "Final CountdownUITests" */;
			buildPhases = (
				1768F80128A2AE1E00AB8795 /* Sources */,
				1768F80228A2AE1E00AB8795 /* Frameworks */,
				1768F80328A2AE1E00AB8795 /* Resources */,
			);
			buildRules = (
			);
			dependencies = (
				1768F80728A2AE1E00AB8795 /* PBXTargetDependency */,
			);
			name = "Final CountdownUITests";
			productName = PlaygroundUITests;
			productReference = 1768F80528A2AE1E00AB8795 /* Final CountdownUITests.xctest */;
			productType = "com.apple.product-type.bundle.ui-testing";
		};
/* End PBXNativeTarget section */

/* Begin PBXProject section */
		1768F7DD28A2AE1A00AB8795 /* Project object */ = {
			isa = PBXProject;
			attributes = {
				BuildIndependentTargetsInParallel = 1;
				LastSwiftUpdateCheck = 1310;
				LastUpgradeCheck = 1310;
				TargetAttributes = {
					1768F7E428A2AE1B00AB8795 = {
						CreatedOnToolsVersion = 13.1;
					};
					1768F7FA28A2AE1E00AB8795 = {
						CreatedOnToolsVersion = 13.1;
						TestTargetID = 1768F7E428A2AE1B00AB8795;
					};
					1768F80428A2AE1E00AB8795 = {
						CreatedOnToolsVersion = 13.1;
						TestTargetID = 1768F7E428A2AE1B00AB8795;
					};
				};
			};
			buildConfigurationList = 1768F7E028A2AE1A00AB8795 /* Build configuration list for PBXProject "Final Countdown" */;
			compatibilityVersion = "Xcode 13.0";
			developmentRegion = en;
			hasScannedForEncodings = 0;
			knownRegions = (
				en,
				Base,
			);
			mainGroup = 1768F7DC28A2AE1A00AB8795;
			productRefGroup = 1768F7E628A2AE1B00AB8795 /* Products */;
			projectDirPath = "";
			projectRoot = "";
			targets = (
				1768F7E428A2AE1B00AB8795 /* Final Countdown */,
				1768F7FA28A2AE1E00AB8795 /* Final CountdownTests */,
				1768F80428A2AE1E00AB8795 /* Final CountdownUITests */,
			);
		};
/* End PBXProject section */

/* Begin PBXResourcesBuildPhase section */
		1768F7E328A2AE1B00AB8795 /* Resources */ = {
			isa = PBXResourcesBuildPhase;
			buildActionMask = 2147483647;
			files = (
				1768F7F528A2AE1D00AB8795 /* LaunchScreen.storyboard in Resources */,
				1768F7F228A2AE1D00AB8795 /* Assets.xcassets in Resources */,
				1768F7F028A2AE1B00AB8795 /* Main.storyboard in Resources */,
			);
			runOnlyForDeploymentPostprocessing = 0;
		};
		1768F7F928A2AE1E00AB8795 /* Resources */ = {
			isa = PBXResourcesBuildPhase;
			buildActionMask = 2147483647;
			files = (
			);
			runOnlyForDeploymentPostprocessing = 0;
		};
		1768F80328A2AE1E00AB8795 /* Resources */ = {
			isa = PBXResourcesBuildPhase;
			buildActionMask = 2147483647;
			files = (
			);
			runOnlyForDeploymentPostprocessing = 0;
		};
/* End PBXResourcesBuildPhase section */

/* Begin PBXSourcesBuildPhase section */
		1768F7E128A2AE1B00AB8795 /* Sources */ = {
			isa = PBXSourcesBuildPhase;
			buildActionMask = 2147483647;
			files = (
				1768F7ED28A2AE1B00AB8795 /* DateTimeSelectorVC.swift in Sources */,
				1768F7E928A2AE1B00AB8795 /* AppDelegate.swift in Sources */,
				1768F7EB28A2AE1B00AB8795 /* SceneDelegate.swift in Sources */,
				177843A228D0C01800F07E35 /* Structs.swift in Sources */,
				1703852A28A51F2D00D968AD /* Functions.swift in Sources */,
				1745655E28CC9F0F008B1CC0 /* Event.xcdatamodeld in Sources */,
				172705A228B7A86A00E9B11A /* EventListVC.swift in Sources */,
			);
			runOnlyForDeploymentPostprocessing = 0;
		};
		1768F7F728A2AE1E00AB8795 /* Sources */ = {
			isa = PBXSourcesBuildPhase;
			buildActionMask = 2147483647;
			files = (
				1768F80028A2AE1E00AB8795 /* PlaygroundTests.swift in Sources */,
			);
			runOnlyForDeploymentPostprocessing = 0;
		};
		1768F80128A2AE1E00AB8795 /* Sources */ = {
			isa = PBXSourcesBuildPhase;
			buildActionMask = 2147483647;
			files = (
				1768F80A28A2AE1E00AB8795 /* PlaygroundUITests.swift in Sources */,
				1768F80C28A2AE1E00AB8795 /* PlaygroundUITestsLaunchTests.swift in Sources */,
			);
			runOnlyForDeploymentPostprocessing = 0;
		};
/* End PBXSourcesBuildPhase section */

/* Begin PBXTargetDependency section */
		1768F7FD28A2AE1E00AB8795 /* PBXTargetDependency */ = {
			isa = PBXTargetDependency;
			target = 1768F7E428A2AE1B00AB8795 /* Final Countdown */;
			targetProxy = 1768F7FC28A2AE1E00AB8795 /* PBXContainerItemProxy */;
		};
		1768F80728A2AE1E00AB8795 /* PBXTargetDependency */ = {
			isa = PBXTargetDependency;
			target = 1768F7E428A2AE1B00AB8795 /* Final Countdown */;
			targetProxy = 1768F80628A2AE1E00AB8795 /* PBXContainerItemProxy */;
		};
/* End PBXTargetDependency section */

/* Begin PBXVariantGroup section */
		1768F7EE28A2AE1B00AB8795 /* Main.storyboard */ = {
			isa = PBXVariantGroup;
			children = (
				1768F7EF28A2AE1B00AB8795 /* Base */,
			);
			name = Main.storyboard;
			sourceTree = "<group>";
		};
		1768F7F328A2AE1D00AB8795 /* LaunchScreen.storyboard */ = {
			isa = PBXVariantGroup;
			children = (
				1768F7F428A2AE1D00AB8795 /* Base */,
			);
			name = LaunchScreen.storyboard;
			sourceTree = "<group>";
		};
/* End PBXVariantGroup section */

/* Begin XCBuildConfiguration section */
		1768F80D28A2AE1E00AB8795 /* Debug */ = {
			isa = XCBuildConfiguration;
			buildSettings = {
				ALWAYS_SEARCH_USER_PATHS = NO;
				CLANG_ANALYZER_NONNULL = YES;
				CLANG_ANALYZER_NUMBER_OBJECT_CONVERSION = YES_AGGRESSIVE;
				CLANG_CXX_LANGUAGE_STANDARD = "gnu++17";
				CLANG_CXX_LIBRARY = "libc++";
				CLANG_ENABLE_MODULES = YES;
				CLANG_ENABLE_OBJC_ARC = YES;
				CLANG_ENABLE_OBJC_WEAK = YES;
				CLANG_WARN_BLOCK_CAPTURE_AUTORELEASING = YES;
				CLANG_WARN_BOOL_CONVERSION = YES;
				CLANG_WARN_COMMA = YES;
				CLANG_WARN_CONSTANT_CONVERSION = YES;
				CLANG_WARN_DEPRECATED_OBJC_IMPLEMENTATIONS = YES;
				CLANG_WARN_DIRECT_OBJC_ISA_USAGE = YES_ERROR;
				CLANG_WARN_DOCUMENTATION_COMMENTS = YES;
				CLANG_WARN_EMPTY_BODY = YES;
				CLANG_WARN_ENUM_CONVERSION = YES;
				CLANG_WARN_INFINITE_RECURSION = YES;
				CLANG_WARN_INT_CONVERSION = YES;
				CLANG_WARN_NON_LITERAL_NULL_CONVERSION = YES;
				CLANG_WARN_OBJC_IMPLICIT_RETAIN_SELF = YES;
				CLANG_WARN_OBJC_LITERAL_CONVERSION = YES;
				CLANG_WARN_OBJC_ROOT_CLASS = YES_ERROR;
				CLANG_WARN_QUOTED_INCLUDE_IN_FRAMEWORK_HEADER = YES;
				CLANG_WARN_RANGE_LOOP_ANALYSIS = YES;
				CLANG_WARN_STRICT_PROTOTYPES = YES;
				CLANG_WARN_SUSPICIOUS_MOVE = YES;
				CLANG_WARN_UNGUARDED_AVAILABILITY = YES_AGGRESSIVE;
				CLANG_WARN_UNREACHABLE_CODE = YES;
				CLANG_WARN__DUPLICATE_METHOD_MATCH = YES;
				COPY_PHASE_STRIP = NO;
				DEBUG_INFORMATION_FORMAT = dwarf;
				ENABLE_STRICT_OBJC_MSGSEND = YES;
				ENABLE_TESTABILITY = YES;
				GCC_C_LANGUAGE_STANDARD = gnu11;
				GCC_DYNAMIC_NO_PIC = NO;
				GCC_NO_COMMON_BLOCKS = YES;
				GCC_OPTIMIZATION_LEVEL = 0;
				GCC_PREPROCESSOR_DEFINITIONS = (
					"DEBUG=1",
					"$(inherited)",
				);
				GCC_WARN_64_TO_32_BIT_CONVERSION = YES;
				GCC_WARN_ABOUT_RETURN_TYPE = YES_ERROR;
				GCC_WARN_UNDECLARED_SELECTOR = YES;
				GCC_WARN_UNINITIALIZED_AUTOS = YES_AGGRESSIVE;
				GCC_WARN_UNUSED_FUNCTION = YES;
				GCC_WARN_UNUSED_VARIABLE = YES;
				IPHONEOS_DEPLOYMENT_TARGET = 15.0;
				MTL_ENABLE_DEBUG_INFO = INCLUDE_SOURCE;
				MTL_FAST_MATH = YES;
				ONLY_ACTIVE_ARCH = YES;
				SDKROOT = iphoneos;
				SWIFT_ACTIVE_COMPILATION_CONDITIONS = DEBUG;
				SWIFT_OPTIMIZATION_LEVEL = "-Onone";
			};
			name = Debug;
		};
		1768F80E28A2AE1E00AB8795 /* Release */ = {
			isa = XCBuildConfiguration;
			buildSettings = {
				ALWAYS_SEARCH_USER_PATHS = NO;
				CLANG_ANALYZER_NONNULL = YES;
				CLANG_ANALYZER_NUMBER_OBJECT_CONVERSION = YES_AGGRESSIVE;
				CLANG_CXX_LANGUAGE_STANDARD = "gnu++17";
				CLANG_CXX_LIBRARY = "libc++";
				CLANG_ENABLE_MODULES = YES;
				CLANG_ENABLE_OBJC_ARC = YES;
				CLANG_ENABLE_OBJC_WEAK = YES;
				CLANG_WARN_BLOCK_CAPTURE_AUTORELEASING = YES;
				CLANG_WARN_BOOL_CONVERSION = YES;
				CLANG_WARN_COMMA = YES;
				CLANG_WARN_CONSTANT_CONVERSION = YES;
				CLANG_WARN_DEPRECATED_OBJC_IMPLEMENTATIONS = YES;
				CLANG_WARN_DIRECT_OBJC_ISA_USAGE = YES_ERROR;
				CLANG_WARN_DOCUMENTATION_COMMENTS = YES;
				CLANG_WARN_EMPTY_BODY = YES;
				CLANG_WARN_ENUM_CONVERSION = YES;
				CLANG_WARN_INFINITE_RECURSION = YES;
				CLANG_WARN_INT_CONVERSION = YES;
				CLANG_WARN_NON_LITERAL_NULL_CONVERSION = YES;
				CLANG_WARN_OBJC_IMPLICIT_RETAIN_SELF = YES;
				CLANG_WARN_OBJC_LITERAL_CONVERSION = YES;
				CLANG_WARN_OBJC_ROOT_CLASS = YES_ERROR;
				CLANG_WARN_QUOTED_INCLUDE_IN_FRAMEWORK_HEADER = YES;
				CLANG_WARN_RANGE_LOOP_ANALYSIS = YES;
				CLANG_WARN_STRICT_PROTOTYPES = YES;
				CLANG_WARN_SUSPICIOUS_MOVE = YES;
				CLANG_WARN_UNGUARDED_AVAILABILITY = YES_AGGRESSIVE;
				CLANG_WARN_UNREACHABLE_CODE = YES;
				CLANG_WARN__DUPLICATE_METHOD_MATCH = YES;
				COPY_PHASE_STRIP = NO;
				DEBUG_INFORMATION_FORMAT = "dwarf-with-dsym";
				ENABLE_NS_ASSERTIONS = NO;
				ENABLE_STRICT_OBJC_MSGSEND = YES;
				GCC_C_LANGUAGE_STANDARD = gnu11;
				GCC_NO_COMMON_BLOCKS = YES;
				GCC_WARN_64_TO_32_BIT_CONVERSION = YES;
				GCC_WARN_ABOUT_RETURN_TYPE = YES_ERROR;
				GCC_WARN_UNDECLARED_SELECTOR = YES;
				GCC_WARN_UNINITIALIZED_AUTOS = YES_AGGRESSIVE;
				GCC_WARN_UNUSED_FUNCTION = YES;
				GCC_WARN_UNUSED_VARIABLE = YES;
				IPHONEOS_DEPLOYMENT_TARGET = 15.0;
				MTL_ENABLE_DEBUG_INFO = NO;
				MTL_FAST_MATH = YES;
				SDKROOT = iphoneos;
				SWIFT_COMPILATION_MODE = wholemodule;
				SWIFT_OPTIMIZATION_LEVEL = "-O";
				VALIDATE_PRODUCT = YES;
			};
			name = Release;
		};
		1768F81028A2AE1E00AB8795 /* Debug */ = {
			isa = XCBuildConfiguration;
			buildSettings = {
				ASSETCATALOG_COMPILER_APPICON_NAME = AppIcon;
				ASSETCATALOG_COMPILER_GLOBAL_ACCENT_COLOR_NAME = AccentColor;
				CODE_SIGN_STYLE = Automatic;
				CURRENT_PROJECT_VERSION = 1;
				DEVELOPMENT_TEAM = PNZV94EX83;
				GENERATE_INFOPLIST_FILE = YES;
				INFOPLIST_FILE = Playground/Info.plist;
				INFOPLIST_KEY_UIApplicationSupportsIndirectInputEvents = YES;
				INFOPLIST_KEY_UILaunchStoryboardName = LaunchScreen;
				INFOPLIST_KEY_UIMainStoryboardFile = Main;
				INFOPLIST_KEY_UISupportedInterfaceOrientations = UIInterfaceOrientationPortrait;
				INFOPLIST_KEY_UISupportedInterfaceOrientations_iPad = "UIInterfaceOrientationPortrait UIInterfaceOrientationPortraitUpsideDown UIInterfaceOrientationLandscapeLeft UIInterfaceOrientationLandscapeRight";
				INFOPLIST_KEY_UISupportedInterfaceOrientations_iPhone = "UIInterfaceOrientationPortrait UIInterfaceOrientationLandscapeLeft UIInterfaceOrientationLandscapeRight";
				LD_RUNPATH_SEARCH_PATHS = (
					"$(inherited)",
					"@executable_path/Frameworks",
				);
				MARKETING_VERSION = 1.0;
				PRODUCT_BUNDLE_IDENTIFIER = com.CDSApps.FinalCountdown;
				PRODUCT_NAME = "$(TARGET_NAME)";
				SWIFT_EMIT_LOC_STRINGS = YES;
				SWIFT_VERSION = 5.0;
				TARGETED_DEVICE_FAMILY = 1;
			};
			name = Debug;
		};
		1768F81128A2AE1E00AB8795 /* Release */ = {
			isa = XCBuildConfiguration;
			buildSettings = {
				ASSETCATALOG_COMPILER_APPICON_NAME = AppIcon;
				ASSETCATALOG_COMPILER_GLOBAL_ACCENT_COLOR_NAME = AccentColor;
				CODE_SIGN_STYLE = Automatic;
				CURRENT_PROJECT_VERSION = 1;
				DEVELOPMENT_TEAM = PNZV94EX83;
				GENERATE_INFOPLIST_FILE = YES;
				INFOPLIST_FILE = Playground/Info.plist;
				INFOPLIST_KEY_UIApplicationSupportsIndirectInputEvents = YES;
				INFOPLIST_KEY_UILaunchStoryboardName = LaunchScreen;
				INFOPLIST_KEY_UIMainStoryboardFile = Main;
				INFOPLIST_KEY_UISupportedInterfaceOrientations = UIInterfaceOrientationPortrait;
				INFOPLIST_KEY_UISupportedInterfaceOrientations_iPad = "UIInterfaceOrientationPortrait UIInterfaceOrientationPortraitUpsideDown UIInterfaceOrientationLandscapeLeft UIInterfaceOrientationLandscapeRight";
				INFOPLIST_KEY_UISupportedInterfaceOrientations_iPhone = "UIInterfaceOrientationPortrait UIInterfaceOrientationLandscapeLeft UIInterfaceOrientationLandscapeRight";
				LD_RUNPATH_SEARCH_PATHS = (
					"$(inherited)",
					"@executable_path/Frameworks",
				);
				MARKETING_VERSION = 1.0;
				PRODUCT_BUNDLE_IDENTIFIER = com.CDSApps.FinalCountdown;
				PRODUCT_NAME = "$(TARGET_NAME)";
				SWIFT_EMIT_LOC_STRINGS = YES;
				SWIFT_VERSION = 5.0;
				TARGETED_DEVICE_FAMILY = 1;
			};
			name = Release;
		};
		1768F81328A2AE1E00AB8795 /* Debug */ = {
			isa = XCBuildConfiguration;
			buildSettings = {
				ALWAYS_EMBED_SWIFT_STANDARD_LIBRARIES = YES;
				BUNDLE_LOADER = "$(TEST_HOST)";
				CODE_SIGN_STYLE = Automatic;
				CURRENT_PROJECT_VERSION = 1;
				DEVELOPMENT_TEAM = PNZV94EX83;
				GENERATE_INFOPLIST_FILE = YES;
				IPHONEOS_DEPLOYMENT_TARGET = 15.0;
				LD_RUNPATH_SEARCH_PATHS = (
					"$(inherited)",
					"@executable_path/Frameworks",
					"@loader_path/Frameworks",
				);
				MARKETING_VERSION = 1.0;
				PRODUCT_BUNDLE_IDENTIFIER = com.CDSApps.PlaygroundTests;
				PRODUCT_NAME = "$(TARGET_NAME)";
				SWIFT_EMIT_LOC_STRINGS = NO;
				SWIFT_VERSION = 5.0;
				TARGETED_DEVICE_FAMILY = "1,2";
				TEST_HOST = "$(BUILT_PRODUCTS_DIR)/Final Countdown.app/Final Countdown";
			};
			name = Debug;
		};
		1768F81428A2AE1E00AB8795 /* Release */ = {
			isa = XCBuildConfiguration;
			buildSettings = {
				ALWAYS_EMBED_SWIFT_STANDARD_LIBRARIES = YES;
				BUNDLE_LOADER = "$(TEST_HOST)";
				CODE_SIGN_STYLE = Automatic;
				CURRENT_PROJECT_VERSION = 1;
				DEVELOPMENT_TEAM = PNZV94EX83;
				GENERATE_INFOPLIST_FILE = YES;
				IPHONEOS_DEPLOYMENT_TARGET = 15.0;
				LD_RUNPATH_SEARCH_PATHS = (
					"$(inherited)",
					"@executable_path/Frameworks",
					"@loader_path/Frameworks",
				);
				MARKETING_VERSION = 1.0;
				PRODUCT_BUNDLE_IDENTIFIER = com.CDSApps.PlaygroundTests;
				PRODUCT_NAME = "$(TARGET_NAME)";
				SWIFT_EMIT_LOC_STRINGS = NO;
				SWIFT_VERSION = 5.0;
				TARGETED_DEVICE_FAMILY = "1,2";
				TEST_HOST = "$(BUILT_PRODUCTS_DIR)/Final Countdown.app/Final Countdown";
			};
			name = Release;
		};
		1768F81628A2AE1E00AB8795 /* Debug */ = {
			isa = XCBuildConfiguration;
			buildSettings = {
				ALWAYS_EMBED_SWIFT_STANDARD_LIBRARIES = YES;
				CODE_SIGN_STYLE = Automatic;
				CURRENT_PROJECT_VERSION = 1;
				DEVELOPMENT_TEAM = PNZV94EX83;
				GENERATE_INFOPLIST_FILE = YES;
				LD_RUNPATH_SEARCH_PATHS = (
					"$(inherited)",
					"@executable_path/Frameworks",
					"@loader_path/Frameworks",
				);
				MARKETING_VERSION = 1.0;
				PRODUCT_BUNDLE_IDENTIFIER = com.CDSApps.PlaygroundUITests;
				PRODUCT_NAME = "$(TARGET_NAME)";
				SWIFT_EMIT_LOC_STRINGS = NO;
				SWIFT_VERSION = 5.0;
				TARGETED_DEVICE_FAMILY = "1,2";
				TEST_TARGET_NAME = Playground;
			};
			name = Debug;
		};
		1768F81728A2AE1E00AB8795 /* Release */ = {
			isa = XCBuildConfiguration;
			buildSettings = {
				ALWAYS_EMBED_SWIFT_STANDARD_LIBRARIES = YES;
				CODE_SIGN_STYLE = Automatic;
				CURRENT_PROJECT_VERSION = 1;
				DEVELOPMENT_TEAM = PNZV94EX83;
				GENERATE_INFOPLIST_FILE = YES;
				LD_RUNPATH_SEARCH_PATHS = (
					"$(inherited)",
					"@executable_path/Frameworks",
					"@loader_path/Frameworks",
				);
				MARKETING_VERSION = 1.0;
				PRODUCT_BUNDLE_IDENTIFIER = com.CDSApps.PlaygroundUITests;
				PRODUCT_NAME = "$(TARGET_NAME)";
				SWIFT_EMIT_LOC_STRINGS = NO;
				SWIFT_VERSION = 5.0;
				TARGETED_DEVICE_FAMILY = "1,2";
				TEST_TARGET_NAME = Playground;
			};
			name = Release;
		};
/* End XCBuildConfiguration section */

/* Begin XCConfigurationList section */
		1768F7E028A2AE1A00AB8795 /* Build configuration list for PBXProject "Final Countdown" */ = {
			isa = XCConfigurationList;
			buildConfigurations = (
				1768F80D28A2AE1E00AB8795 /* Debug */,
				1768F80E28A2AE1E00AB8795 /* Release */,
			);
			defaultConfigurationIsVisible = 0;
			defaultConfigurationName = Release;
		};
		1768F80F28A2AE1E00AB8795 /* Build configuration list for PBXNativeTarget "Final Countdown" */ = {
			isa = XCConfigurationList;
			buildConfigurations = (
				1768F81028A2AE1E00AB8795 /* Debug */,
				1768F81128A2AE1E00AB8795 /* Release */,
			);
			defaultConfigurationIsVisible = 0;
			defaultConfigurationName = Release;
		};
		1768F81228A2AE1E00AB8795 /* Build configuration list for PBXNativeTarget "Final CountdownTests" */ = {
			isa = XCConfigurationList;
			buildConfigurations = (
				1768F81328A2AE1E00AB8795 /* Debug */,
				1768F81428A2AE1E00AB8795 /* Release */,
			);
			defaultConfigurationIsVisible = 0;
			defaultConfigurationName = Release;
		};
		1768F81528A2AE1E00AB8795 /* Build configuration list for PBXNativeTarget "Final CountdownUITests" */ = {
			isa = XCConfigurationList;
			buildConfigurations = (
				1768F81628A2AE1E00AB8795 /* Debug */,
				1768F81728A2AE1E00AB8795 /* Release */,
			);
			defaultConfigurationIsVisible = 0;
			defaultConfigurationName = Release;
		};
/* End XCConfigurationList section */

/* Begin XCVersionGroup section */
		1745655C28CC9F0F008B1CC0 /* Event.xcdatamodeld */ = {
			isa = XCVersionGroup;
			children = (
				1745655D28CC9F0F008B1CC0 /* Event.xcdatamodel */,
			);
			currentVersion = 1745655D28CC9F0F008B1CC0 /* Event.xcdatamodel */;
			path = Event.xcdatamodeld;
			sourceTree = "<group>";
			versionGroupType = wrapper.xcdatamodel;
		};
/* End XCVersionGroup section */
	};
	rootObject = 1768F7DD28A2AE1A00AB8795 /* Project object */;
}
